{
  "name": "cidadeos-ai-fase3-4-relatorios-exportacao",
  "version": "3.4.0",
  "lockfileVersion": 3,
  "requires": true,
  "packages": {
    "": {
      "name": "cidadeos-ai-fase3-4-relatorios-exportacao",
      "version": "3.4.0",
      "license": "UNLICENSED",
      "engines": {
        "node": ">=20"
      }
    }
  }
}
