{
  "name": "cidadeos-ai-fase3-0-ia-assistida-triagem",
  "version": "3.0.0",
  "lockfileVersion": 3,
  "requires": true,
  "packages": {
    "": {
      "name": "cidadeos-ai-fase3-0-ia-assistida-triagem",
      "version": "3.0.0",
      "license": "UNLICENSED",
      "engines": {
        "node": ">=20"
      }
    }
  }
}
