{
  "name": "cidadeos-ai-fase2-9-triagem-regras-locais",
  "version": "2.9.0",
  "lockfileVersion": 3,
  "requires": true,
  "packages": {
    "": {
      "name": "cidadeos-ai-fase2-9-triagem-regras-locais",
      "version": "2.9.0",
      "license": "UNLICENSED",
      "engines": {
        "node": ">=20"
      }
    }
  }
}
